// !$*UTF8*$!
{
	archiveVersion = 1;
	classes = {
	};
	objectVersion = 46;
	objects = {

/* Begin PBXBuildFile section */
		1B23A9EA1E22099D00BC31D2 /* FSBTabBar.m in Sources */ = {isa = PBXBuildFile; fileRef = 1B23A9E91E22099D00BC31D2 /* FSBTabBar.m */; };
		1B23A9ED1E220A2800BC31D2 /* FSBTabBarViewController.m in Sources */ = {isa = PBXBuildFile; fileRef = 1B23A9EC1E220A2800BC31D2 /* FSBTabBarViewController.m */; };
		1B23A9F01E220ABD00BC31D2 /* FSBNavigationViewController.m in Sources */ = {isa = PBXBuildFile; fileRef = 1B23A9EF1E220ABD00BC31D2 /* FSBNavigationViewController.m */; };
		1B23A9F31E220AFA00BC31D2 /* FSBBaseViewController.m in Sources */ = {isa = PBXBuildFile; fileRef = 1B23A9F21E220AFA00BC31D2 /* FSBBaseViewController.m */; };
		1B23A9F71E220BE200BC31D2 /* FSBHomeViewController.m in Sources */ = {isa = PBXBuildFile; fileRef = 1B23A9F51E220BE200BC31D2 /* FSBHomeViewController.m */; };
		1B23A9F81E220BE200BC31D2 /* FSBHomeViewController.xib in Resources */ = {isa = PBXBuildFile; fileRef = 1B23A9F61E220BE200BC31D2 /* FSBHomeViewController.xib */; };
		1B23A9FC1E220C0500BC31D2 /* FSBMeViewController.m in Sources */ = {isa = PBXBuildFile; fileRef = 1B23A9FA1E220C0500BC31D2 /* FSBMeViewController.m */; };
		1B23A9FD1E220C0500BC31D2 /* FSBMeViewController.xib in Resources */ = {isa = PBXBuildFile; fileRef = 1B23A9FB1E220C0500BC31D2 /* FSBMeViewController.xib */; };
		1B23AA011E220C1800BC31D2 /* FSBSearchViewController.m in Sources */ = {isa = PBXBuildFile; fileRef = 1B23A9FF1E220C1800BC31D2 /* FSBSearchViewController.m */; };
		1B23AA021E220C1800BC31D2 /* FSBSearchViewController.xib in Resources */ = {isa = PBXBuildFile; fileRef = 1B23AA001E220C1800BC31D2 /* FSBSearchViewController.xib */; };
		1BD505541E214115004172E2 /* main.m in Sources */ = {isa = PBXBuildFile; fileRef = 1BD505531E214115004172E2 /* main.m */; };
		1BD505571E214115004172E2 /* AppDelegate.m in Sources */ = {isa = PBXBuildFile; fileRef = 1BD505561E214115004172E2 /* AppDelegate.m */; };
		1BD5055D1E214115004172E2 /* Main.storyboard in Resources */ = {isa = PBXBuildFile; fileRef = 1BD5055B1E214115004172E2 /* Main.storyboard */; };
		1BD5055F1E214115004172E2 /* Assets.xcassets in Resources */ = {isa = PBXBuildFile; fileRef = 1BD5055E1E214115004172E2 /* Assets.xcassets */; };
		1BD505621E214115004172E2 /* LaunchScreen.storyboard in Resources */ = {isa = PBXBuildFile; fileRef = 1BD505601E214115004172E2 /* LaunchScreen.storyboard */; };
		EE820DCCBCDD45CD00ABFA0E /* libPods-Fisbump.a in Frameworks */ = {isa = PBXBuildFile; fileRef = EC18B31BE7AE15559ACEDD0F /* libPods-Fisbump.a */; };
/* End PBXBuildFile section */

/* Begin PBXFileReference section */
		1B23A9E81E22099D00BC31D2 /* FSBTabBar.h */ = {isa = PBXFileReference; fileEncoding = 4; lastKnownFileType = sourcecode.c.h; path = FSBTabBar.h; sourceTree = "<group>"; };
		1B23A9E91E22099D00BC31D2 /* FSBTabBar.m */ = {isa = PBXFileReference; fileEncoding = 4; lastKnownFileType = sourcecode.c.objc; path = FSBTabBar.m; sourceTree = "<group>"; };
		1B23A9EB1E220A2800BC31D2 /* FSBTabBarViewController.h */ = {isa = PBXFileReference; fileEncoding = 4; lastKnownFileType = sourcecode.c.h; path = FSBTabBarViewController.h; sourceTree = "<group>"; };
		1B23A9EC1E220A2800BC31D2 /* FSBTabBarViewController.m */ = {isa = PBXFileReference; fileEncoding = 4; lastKnownFileType = sourcecode.c.objc; path = FSBTabBarViewController.m; sourceTree = "<group>"; };
		1B23A9EE1E220ABD00BC31D2 /* FSBNavigationViewController.h */ = {isa = PBXFileReference; fileEncoding = 4; lastKnownFileType = sourcecode.c.h; path = FSBNavigationViewController.h; sourceTree = "<group>"; };
		1B23A9EF1E220ABD00BC31D2 /* FSBNavigationViewController.m */ = {isa = PBXFileReference; fileEncoding = 4; lastKnownFileType = sourcecode.c.objc; path = FSBNavigationViewController.m; sourceTree = "<group>"; };
		1B23A9F11E220AFA00BC31D2 /* FSBBaseViewController.h */ = {isa = PBXFileReference; fileEncoding = 4; lastKnownFileType = sourcecode.c.h; path = FSBBaseViewController.h; sourceTree = "<group>"; };
		1B23A9F21E220AFA00BC31D2 /* FSBBaseViewController.m */ = {isa = PBXFileReference; fileEncoding = 4; lastKnownFileType = sourcecode.c.objc; path = FSBBaseViewController.m; sourceTree = "<group>"; };
		1B23A9F41E220BE200BC31D2 /* FSBHomeViewController.h */ = {isa = PBXFileReference; fileEncoding = 4; lastKnownFileType = sourcecode.c.h; path = FSBHomeViewController.h; sourceTree = "<group>"; };
		1B23A9F51E220BE200BC31D2 /* FSBHomeViewController.m */ = {isa = PBXFileReference; fileEncoding = 4; lastKnownFileType = sourcecode.c.objc; path = FSBHomeViewController.m; sourceTree = "<group>"; };
		1B23A9F61E220BE200BC31D2 /* FSBHomeViewController.xib */ = {isa = PBXFileReference; fileEncoding = 4; lastKnownFileType = file.xib; path = FSBHomeViewController.xib; sourceTree = "<group>"; };
		1B23A9F91E220C0500BC31D2 /* FSBMeViewController.h */ = {isa = PBXFileReference; fileEncoding = 4; lastKnownFileType = sourcecode.c.h; path = FSBMeViewController.h; sourceTree = "<group>"; };
		1B23A9FA1E220C0500BC31D2 /* FSBMeViewController.m */ = {isa = PBXFileReference; fileEncoding = 4; lastKnownFileType = sourcecode.c.objc; path = FSBMeViewController.m; sourceTree = "<group>"; };
		1B23A9FB1E220C0500BC31D2 /* FSBMeViewController.xib */ = {isa = PBXFileReference; fileEncoding = 4; lastKnownFileType = file.xib; path = FSBMeViewController.xib; sourceTree = "<group>"; };
		1B23A9FE1E220C1800BC31D2 /* FSBSearchViewController.h */ = {isa = PBXFileReference; fileEncoding = 4; lastKnownFileType = sourcecode.c.h; path = FSBSearchViewController.h; sourceTree = "<group>"; };
		1B23A9FF1E220C1800BC31D2 /* FSBSearchViewController.m */ = {isa = PBXFileReference; fileEncoding = 4; lastKnownFileType = sourcecode.c.objc; path = FSBSearchViewController.m; sourceTree = "<group>"; };
		1B23AA001E220C1800BC31D2 /* FSBSearchViewController.xib */ = {isa = PBXFileReference; fileEncoding = 4; lastKnownFileType = file.xib; path = FSBSearchViewController.xib; sourceTree = "<group>"; };
		1BD5054F1E214115004172E2 /* Fisbump.app */ = {isa = PBXFileReference; explicitFileType = wrapper.application; includeInIndex = 0; path = Fisbump.app; sourceTree = BUILT_PRODUCTS_DIR; };
		1BD505531E214115004172E2 /* main.m */ = {isa = PBXFileReference; lastKnownFileType = sourcecode.c.objc; path = main.m; sourceTree = "<group>"; };
		1BD505551E214115004172E2 /* AppDelegate.h */ = {isa = PBXFileReference; lastKnownFileType = sourcecode.c.h; path = AppDelegate.h; sourceTree = "<group>"; };
		1BD505561E214115004172E2 /* AppDelegate.m */ = {isa = PBXFileReference; lastKnownFileType = sourcecode.c.objc; path = AppDelegate.m; sourceTree = "<group>"; };
		1BD5055C1E214115004172E2 /* Base */ = {isa = PBXFileReference; lastKnownFileType = file.storyboard; name = Base; path = Base.lproj/Main.storyboard; sourceTree = "<group>"; };
		1BD5055E1E214115004172E2 /* Assets.xcassets */ = {isa = PBXFileReference; lastKnownFileType = folder.assetcatalog; path = Assets.xcassets; sourceTree = "<group>"; };
		1BD505611E214115004172E2 /* Base */ = {isa = PBXFileReference; lastKnownFileType = file.storyboard; name = Base; path = Base.lproj/LaunchScreen.storyboard; sourceTree = "<group>"; };
		1BD505631E214115004172E2 /* Info.plist */ = {isa = PBXFileReference; lastKnownFileType = text.plist.xml; path = Info.plist; sourceTree = "<group>"; };
		7EF29A23DACA28E21EC65129 /* Pods-Fisbump.debug.xcconfig */ = {isa = PBXFileReference; includeInIndex = 1; lastKnownFileType = text.xcconfig; name = "Pods-Fisbump.debug.xcconfig"; path = "Pods/Target Support Files/Pods-Fisbump/Pods-Fisbump.debug.xcconfig"; sourceTree = "<group>"; };
		A23DBD8469BC682ED969A842 /* Pods-Fisbump.release.xcconfig */ = {isa = PBXFileReference; includeInIndex = 1; lastKnownFileType = text.xcconfig; name = "Pods-Fisbump.release.xcconfig"; path = "Pods/Target Support Files/Pods-Fisbump/Pods-Fisbump.release.xcconfig"; sourceTree = "<group>"; };
		EC18B31BE7AE15559ACEDD0F /* libPods-Fisbump.a */ = {isa = PBXFileReference; explicitFileType = archive.ar; includeInIndex = 0; path = "libPods-Fisbump.a"; sourceTree = BUILT_PRODUCTS_DIR; };
/* End PBXFileReference section */

/* Begin PBXFrameworksBuildPhase section */
		1BD5054C1E214115004172E2 /* Frameworks */ = {
			isa = PBXFrameworksBuildPhase;
			buildActionMask = 2147483647;
			files = (
				EE820DCCBCDD45CD00ABFA0E /* libPods-Fisbump.a in Frameworks */,
			);
			runOnlyForDeploymentPostprocessing = 0;
		};
/* End PBXFrameworksBuildPhase section */

/* Begin PBXGroup section */
		1BD505461E214115004172E2 = {
			isa = PBXGroup;
			children = (
				1BD505511E214115004172E2 /* Fisbump */,
				1BD505501E214115004172E2 /* Products */,
				D46B47E512C0BDD89AC8F00B /* Pods */,
				A61308979535C0E7FCB1EB46 /* Frameworks */,
			);
			sourceTree = "<group>";
		};
		1BD505501E214115004172E2 /* Products */ = {
			isa = PBXGroup;
			children = (
				1BD5054F1E214115004172E2 /* Fisbump.app */,
			);
			name = Products;
			sourceTree = "<group>";
		};
		1BD505511E214115004172E2 /* Fisbump */ = {
			isa = PBXGroup;
			children = (
				1BD505711E216A78004172E2 /* search */,
				1BD505701E216A63004172E2 /* issu */,
				1BD5056F1E216A4A004172E2 /* setting */,
				1BD5056E1E216A3F004172E2 /* base */,
				1BD5056D1E216A2B004172E2 /* util */,
				1BD5056C1E216A20004172E2 /* me */,
				1BD5056B1E216A15004172E2 /* register */,
				1BD5056A1E216A02004172E2 /* login */,
				1BD505691E21427C004172E2 /* home */,
				1BD505521E214115004172E2 /* Supporting Files */,
			);
			path = Fisbump;
			sourceTree = "<group>";
		};
		1BD505521E214115004172E2 /* Supporting Files */ = {
			isa = PBXGroup;
			children = (
				1BD5055B1E214115004172E2 /* Main.storyboard */,
				1BD5055E1E214115004172E2 /* Assets.xcassets */,
				1BD505601E214115004172E2 /* LaunchScreen.storyboard */,
				1BD505631E214115004172E2 /* Info.plist */,
				1BD505531E214115004172E2 /* main.m */,
			);
			name = "Supporting Files";
			sourceTree = "<group>";
		};
		1BD505691E21427C004172E2 /* home */ = {
			isa = PBXGroup;
			children = (
				1BD505551E214115004172E2 /* AppDelegate.h */,
				1BD505561E214115004172E2 /* AppDelegate.m */,
				1B23A9EB1E220A2800BC31D2 /* FSBTabBarViewController.h */,
				1B23A9EC1E220A2800BC31D2 /* FSBTabBarViewController.m */,
				1B23A9F41E220BE200BC31D2 /* FSBHomeViewController.h */,
				1B23A9F51E220BE200BC31D2 /* FSBHomeViewController.m */,
				1B23A9F61E220BE200BC31D2 /* FSBHomeViewController.xib */,
			);
			name = home;
			sourceTree = "<group>";
		};
		1BD5056A1E216A02004172E2 /* login */ = {
			isa = PBXGroup;
			children = (
			);
			name = login;
			sourceTree = "<group>";
		};
		1BD5056B1E216A15004172E2 /* register */ = {
			isa = PBXGroup;
			children = (
			);
			name = register;
			sourceTree = "<group>";
		};
		1BD5056C1E216A20004172E2 /* me */ = {
			isa = PBXGroup;
			children = (
				1B23A9F91E220C0500BC31D2 /* FSBMeViewController.h */,
				1B23A9FA1E220C0500BC31D2 /* FSBMeViewController.m */,
				1B23A9FB1E220C0500BC31D2 /* FSBMeViewController.xib */,
			);
			name = me;
			sourceTree = "<group>";
		};
		1BD5056D1E216A2B004172E2 /* util */ = {
			isa = PBXGroup;
			children = (
			);
			name = util;
			sourceTree = "<group>";
		};
		1BD5056E1E216A3F004172E2 /* base */ = {
			isa = PBXGroup;
			children = (
				1B23A9E81E22099D00BC31D2 /* FSBTabBar.h */,
				1B23A9E91E22099D00BC31D2 /* FSBTabBar.m */,
				1B23A9EE1E220ABD00BC31D2 /* FSBNavigationViewController.h */,
				1B23A9EF1E220ABD00BC31D2 /* FSBNavigationViewController.m */,
				1B23A9F11E220AFA00BC31D2 /* FSBBaseViewController.h */,
				1B23A9F21E220AFA00BC31D2 /* FSBBaseViewController.m */,
			);
			name = base;
			sourceTree = "<group>";
		};
		1BD5056F1E216A4A004172E2 /* setting */ = {
			isa = PBXGroup;
			children = (
			);
			name = setting;
			sourceTree = "<group>";
		};
		1BD505701E216A63004172E2 /* issu */ = {
			isa = PBXGroup;
			children = (
			);
			name = issu;
			sourceTree = "<group>";
		};
		1BD505711E216A78004172E2 /* search */ = {
			isa = PBXGroup;
			children = (
				1B23A9FE1E220C1800BC31D2 /* FSBSearchViewController.h */,
				1B23A9FF1E220C1800BC31D2 /* FSBSearchViewController.m */,
				1B23AA001E220C1800BC31D2 /* FSBSearchViewController.xib */,
			);
			name = search;
			sourceTree = "<group>";
		};
		A61308979535C0E7FCB1EB46 /* Frameworks */ = {
			isa = PBXGroup;
			children = (
				EC18B31BE7AE15559ACEDD0F /* libPods-Fisbump.a */,
			);
			name = Frameworks;
			sourceTree = "<group>";
		};
		D46B47E512C0BDD89AC8F00B /* Pods */ = {
			isa = PBXGroup;
			children = (
				7EF29A23DACA28E21EC65129 /* Pods-Fisbump.debug.xcconfig */,
				A23DBD8469BC682ED969A842 /* Pods-Fisbump.release.xcconfig */,
			);
			name = Pods;
			sourceTree = "<group>";
		};
/* End PBXGroup section */

/* Begin PBXNativeTarget section */
		1BD5054E1E214115004172E2 /* Fisbump */ = {
			isa = PBXNativeTarget;
			buildConfigurationList = 1BD505661E214115004172E2 /* Build configuration list for PBXNativeTarget "Fisbump" */;
			buildPhases = (
				BAC1509243BB84DD2719BB33 /* [CP] Check Pods Manifest.lock */,
				1BD5054B1E214115004172E2 /* Sources */,
				1BD5054C1E214115004172E2 /* Frameworks */,
				1BD5054D1E214115004172E2 /* Resources */,
				CC3A4DF0506FCF123DED4652 /* [CP] Embed Pods Frameworks */,
				E5C9354076CDBD31A1000A5A /* [CP] Copy Pods Resources */,
			);
			buildRules = (
			);
			dependencies = (
			);
			name = Fisbump;
			productName = Fisbump;
			productReference = 1BD5054F1E214115004172E2 /* Fisbump.app */;
			productType = "com.apple.product-type.application";
		};
/* End PBXNativeTarget section */

/* Begin PBXProject section */
		1BD505471E214115004172E2 /* Project object */ = {
			isa = PBXProject;
			attributes = {
				CLASSPREFIX = FSB;
				LastUpgradeCheck = 0730;
				ORGANIZATIONNAME = "米兰铁匠";
				TargetAttributes = {
					1BD5054E1E214115004172E2 = {
						CreatedOnToolsVersion = 7.3.1;
						DevelopmentTeam = 4HHYZH7E9T;
					};
				};
			};
			buildConfigurationList = 1BD5054A1E214115004172E2 /* Build configuration list for PBXProject "Fisbump" */;
			compatibilityVersion = "Xcode 3.2";
			developmentRegion = English;
			hasScannedForEncodings = 0;
			knownRegions = (
				en,
				Base,
			);
			mainGroup = 1BD505461E214115004172E2;
			productRefGroup = 1BD505501E214115004172E2 /* Products */;
			projectDirPath = "";
			projectRoot = "";
			targets = (
				1BD5054E1E214115004172E2 /* Fisbump */,
			);
		};
/* End PBXProject section */

/* Begin PBXResourcesBuildPhase section */
		1BD5054D1E214115004172E2 /* Resources */ = {
			isa = PBXResourcesBuildPhase;
			buildActionMask = 2147483647;
			files = (
				1BD505621E214115004172E2 /* LaunchScreen.storyboard in Resources */,
				1B23A9FD1E220C0500BC31D2 /* FSBMeViewController.xib in Resources */,
				1B23A9F81E220BE200BC31D2 /* FSBHomeViewController.xib in Resources */,
				1BD5055F1E214115004172E2 /* Assets.xcassets in Resources */,
				1B23AA021E220C1800BC31D2 /* FSBSearchViewController.xib in Resources */,
				1BD5055D1E214115004172E2 /* Main.storyboard in Resources */,
			);
			runOnlyForDeploymentPostprocessing = 0;
		};
/* End PBXResourcesBuildPhase section */

/* Begin PBXShellScriptBuildPhase section */
		BAC1509243BB84DD2719BB33 /* [CP] Check Pods Manifest.lock */ = {
			isa = PBXShellScriptBuildPhase;
			buildActionMask = 2147483647;
			files = (
			);
			inputPaths = (
			);
			name = "[CP] Check Pods Manifest.lock";
			outputPaths = (
			);
			runOnlyForDeploymentPostprocessing = 0;
			shellPath = /bin/sh;
			shellScript = "diff \"${PODS_ROOT}/../Podfile.lock\" \"${PODS_ROOT}/Manifest.lock\" > /dev/null\nif [ $? != 0 ] ; then\n    # print error to STDERR\n    echo \"error: The sandbox is not in sync with the Podfile.lock. Run 'pod install' or update your CocoaPods installation.\" >&2\n    exit 1\nfi\n";
			showEnvVarsInLog = 0;
		};
		CC3A4DF0506FCF123DED4652 /* [CP] Embed Pods Frameworks */ = {
			isa = PBXShellScriptBuildPhase;
			buildActionMask = 2147483647;
			files = (
			);
			inputPaths = (
			);
			name = "[CP] Embed Pods Frameworks";
			outputPaths = (
			);
			runOnlyForDeploymentPostprocessing = 0;
			shellPath = /bin/sh;
			shellScript = "\"${SRCROOT}/Pods/Target Support Files/Pods-Fisbump/Pods-Fisbump-frameworks.sh\"\n";
			showEnvVarsInLog = 0;
		};
		E5C9354076CDBD31A1000A5A /* [CP] Copy Pods Resources */ = {
			isa = PBXShellScriptBuildPhase;
			buildActionMask = 2147483647;
			files = (
			);
			inputPaths = (
			);
			name = "[CP] Copy Pods Resources";
			outputPaths = (
			);
			runOnlyForDeploymentPostprocessing = 0;
			shellPath = /bin/sh;
			shellScript = "\"${SRCROOT}/Pods/Target Support Files/Pods-Fisbump/Pods-Fisbump-resources.sh\"\n";
			showEnvVarsInLog = 0;
		};
/* End PBXShellScriptBuildPhase section */

/* Begin PBXSourcesBuildPhase section */
		1BD5054B1E214115004172E2 /* Sources */ = {
			isa = PBXSourcesBuildPhase;
			buildActionMask = 2147483647;
			files = (
				1BD505571E214115004172E2 /* AppDelegate.m in Sources */,
				1B23A9F31E220AFA00BC31D2 /* FSBBaseViewController.m in Sources */,
				1BD505541E214115004172E2 /* main.m in Sources */,
				1B23A9ED1E220A2800BC31D2 /* FSBTabBarViewController.m in Sources */,
				1B23A9FC1E220C0500BC31D2 /* FSBMeViewController.m in Sources */,
				1B23A9F01E220ABD00BC31D2 /* FSBNavigationViewController.m in Sources */,
				1B23A9F71E220BE200BC31D2 /* FSBHomeViewController.m in Sources */,
				1B23A9EA1E22099D00BC31D2 /* FSBTabBar.m in Sources */,
				1B23AA011E220C1800BC31D2 /* FSBSearchViewController.m in Sources */,
			);
			runOnlyForDeploymentPostprocessing = 0;
		};
/* End PBXSourcesBuildPhase section */

/* Begin PBXVariantGroup section */
		1BD5055B1E214115004172E2 /* Main.storyboard */ = {
			isa = PBXVariantGroup;
			children = (
				1BD5055C1E214115004172E2 /* Base */,
			);
			name = Main.storyboard;
			sourceTree = "<group>";
		};
		1BD505601E214115004172E2 /* LaunchScreen.storyboard */ = {
			isa = PBXVariantGroup;
			children = (
				1BD505611E214115004172E2 /* Base */,
			);
			name = LaunchScreen.storyboard;
			sourceTree = "<group>";
		};
/* End PBXVariantGroup section */

/* Begin XCBuildConfiguration section */
		1BD505641E214115004172E2 /* Debug */ = {
			isa = XCBuildConfiguration;
			buildSettings = {
				ALWAYS_SEARCH_USER_PATHS = NO;
				CLANG_ANALYZER_NONNULL = YES;
				CLANG_CXX_LANGUAGE_STANDARD = "gnu++0x";
				CLANG_CXX_LIBRARY = "libc++";
				CLANG_ENABLE_MODULES = YES;
				CLANG_ENABLE_OBJC_ARC = YES;
				CLANG_WARN_BOOL_CONVERSION = YES;
				CLANG_WARN_CONSTANT_CONVERSION = YES;
				CLANG_WARN_DIRECT_OBJC_ISA_USAGE = YES_ERROR;
				CLANG_WARN_EMPTY_BODY = YES;
				CLANG_WARN_ENUM_CONVERSION = YES;
				CLANG_WARN_INT_CONVERSION = YES;
				CLANG_WARN_OBJC_ROOT_CLASS = YES_ERROR;
				CLANG_WARN_UNREACHABLE_CODE = YES;
				CLANG_WARN__DUPLICATE_METHOD_MATCH = YES;
				"CODE_SIGN_IDENTITY[sdk=iphoneos*]" = "iPhone Developer";
				COPY_PHASE_STRIP = NO;
				DEBUG_INFORMATION_FORMAT = dwarf;
				ENABLE_STRICT_OBJC_MSGSEND = YES;
				ENABLE_TESTABILITY = YES;
				GCC_C_LANGUAGE_STANDARD = gnu99;
				GCC_DYNAMIC_NO_PIC = NO;
				GCC_NO_COMMON_BLOCKS = YES;
				GCC_OPTIMIZATION_LEVEL = 0;
				GCC_PREPROCESSOR_DEFINITIONS = (
					"DEBUG=1",
					"$(inherited)",
				);
				GCC_WARN_64_TO_32_BIT_CONVERSION = YES;
				GCC_WARN_ABOUT_RETURN_TYPE = YES_ERROR;
				GCC_WARN_UNDECLARED_SELECTOR = YES;
				GCC_WARN_UNINITIALIZED_AUTOS = YES_AGGRESSIVE;
				GCC_WARN_UNUSED_FUNCTION = YES;
				GCC_WARN_UNUSED_VARIABLE = YES;
				IPHONEOS_DEPLOYMENT_TARGET = 9.3;
				MTL_ENABLE_DEBUG_INFO = YES;
				ONLY_ACTIVE_ARCH = YES;
				SDKROOT = iphoneos;
				TARGETED_DEVICE_FAMILY = "1,2";
			};
			name = Debug;
		};
		1BD505651E214115004172E2 /* Release */ = {
			isa = XCBuildConfiguration;
			buildSettings = {
				ALWAYS_SEARCH_USER_PATHS = NO;
				CLANG_ANALYZER_NONNULL = YES;
				CLANG_CXX_LANGUAGE_STANDARD = "gnu++0x";
				CLANG_CXX_LIBRARY = "libc++";
				CLANG_ENABLE_MODULES = YES;
				CLANG_ENABLE_OBJC_ARC = YES;
				CLANG_WARN_BOOL_CONVERSION = YES;
				CLANG_WARN_CONSTANT_CONVERSION = YES;
				CLANG_WARN_DIRECT_OBJC_ISA_USAGE = YES_ERROR;
				CLANG_WARN_EMPTY_BODY = YES;
				CLANG_WARN_ENUM_CONVERSION = YES;
				CLANG_WARN_INT_CONVERSION = YES;
				CLANG_WARN_OBJC_ROOT_CLASS = YES_ERROR;
				CLANG_WARN_UNREACHABLE_CODE = YES;
				CLANG_WARN__DUPLICATE_METHOD_MATCH = YES;
				"CODE_SIGN_IDENTITY[sdk=iphoneos*]" = "iPhone Developer";
				COPY_PHASE_STRIP = NO;
				DEBUG_INFORMATION_FORMAT = "dwarf-with-dsym";
				ENABLE_NS_ASSERTIONS = NO;
				ENABLE_STRICT_OBJC_MSGSEND = YES;
				GCC_C_LANGUAGE_STANDARD = gnu99;
				GCC_NO_COMMON_BLOCKS = YES;
				GCC_WARN_64_TO_32_BIT_CONVERSION = YES;
				GCC_WARN_ABOUT_RETURN_TYPE = YES_ERROR;
				GCC_WARN_UNDECLARED_SELECTOR = YES;
				GCC_WARN_UNINITIALIZED_AUTOS = YES_AGGRESSIVE;
				GCC_WARN_UNUSED_FUNCTION = YES;
				GCC_WARN_UNUSED_VARIABLE = YES;
				IPHONEOS_DEPLOYMENT_TARGET = 9.3;
				MTL_ENABLE_DEBUG_INFO = NO;
				SDKROOT = iphoneos;
				TARGETED_DEVICE_FAMILY = "1,2";
				VALIDATE_PRODUCT = YES;
			};
			name = Release;
		};
		1BD505671E214115004172E2 /* Debug */ = {
			isa = XCBuildConfiguration;
			baseConfigurationReference = 7EF29A23DACA28E21EC65129 /* Pods-Fisbump.debug.xcconfig */;
			buildSettings = {
				ASSETCATALOG_COMPILER_APPICON_NAME = AppIcon;
				ASSETCATALOG_COMPILER_LAUNCHIMAGE_NAME = "Brand Assets";
				INFOPLIST_FILE = Fisbump/Info.plist;
				IPHONEOS_DEPLOYMENT_TARGET = 8.0;
				LD_RUNPATH_SEARCH_PATHS = "$(inherited) @executable_path/Frameworks";
				PRODUCT_BUNDLE_IDENTIFIER = milantiejiang.Fisbump;
				PRODUCT_NAME = "$(TARGET_NAME)";
			};
			name = Debug;
		};
		1BD505681E214115004172E2 /* Release */ = {
			isa = XCBuildConfiguration;
			baseConfigurationReference = A23DBD8469BC682ED969A842 /* Pods-Fisbump.release.xcconfig */;
			buildSettings = {
				ASSETCATALOG_COMPILER_APPICON_NAME = AppIcon;
				ASSETCATALOG_COMPILER_LAUNCHIMAGE_NAME = "Brand Assets";
				INFOPLIST_FILE = Fisbump/Info.plist;
				IPHONEOS_DEPLOYMENT_TARGET = 8.0;
				LD_RUNPATH_SEARCH_PATHS = "$(inherited) @executable_path/Frameworks";
				PRODUCT_BUNDLE_IDENTIFIER = milantiejiang.Fisbump;
				PRODUCT_NAME = "$(TARGET_NAME)";
			};
			name = Release;
		};
/* End XCBuildConfiguration section */

/* Begin XCConfigurationList section */
		1BD5054A1E214115004172E2 /* Build configuration list for PBXProject "Fisbump" */ = {
			isa = XCConfigurationList;
			buildConfigurations = (
				1BD505641E214115004172E2 /* Debug */,
				1BD505651E214115004172E2 /* Release */,
			);
			defaultConfigurationIsVisible = 0;
			defaultConfigurationName = Release;
		};
		1BD505661E214115004172E2 /* Build configuration list for PBXNativeTarget "Fisbump" */ = {
			isa = XCConfigurationList;
			buildConfigurations = (
				1BD505671E214115004172E2 /* Debug */,
				1BD505681E214115004172E2 /* Release */,
			);
			defaultConfigurationIsVisible = 0;
			defaultConfigurationName = Release;
		};
/* End XCConfigurationList section */
	};
	rootObject = 1BD505471E214115004172E2 /* Project object */;
}
